
Microsoft Visual Studio Solution File, Format Version 12.00
# Visual Studio Version 17
VisualStudioVersion = 17.5.33424.131
MinimumVisualStudioVersion = 10.0.40219.1
Project("{2150E333-8FDC-42A3-9474-1A3956D46DE8}") = "Solution Items", "Solution Items", "{8F6367E3-E075-457D-B6F1-0CB3E642A705}"
	ProjectSection(SolutionItems) = preProject
		.editorconfig = .editorconfig
		.gitattributes = .gitattributes
		.gitignore = .gitignore
		Resources\blackbird-logo.png = Resources\blackbird-logo.png
		Resources\blackbird-logo.psd = Resources\blackbird-logo.psd
		Directory.Build.props = Directory.Build.props
		Docs\license.txt = Docs\license.txt
		Resources\Package.ico = Resources\Package.ico
		Resources\Package.psd = Resources\Package.psd
		Docs\README.md = Docs\README.md
	EndProjectSection
EndProject
Project("{2150E333-8FDC-42A3-9474-1A3956D46DE8}") = "Firebird", "Firebird", "{2AF853FC-ADFF-4432-8BFB-45093A1969F4}"
EndProject
Project("{2150E333-8FDC-42A3-9474-1A3956D46DE8}") = "Sql", "Sql", "{F13C0BD2-B112-42D0-8B8D-1E26986B0410}"
	ProjectSection(SolutionItems) = preProject
		Sql\DslColumns.sql = Sql\DslColumns.sql
		Sql\DslForeignKeyColumns.sql = Sql\DslForeignKeyColumns.sql
		Sql\DslForeignKeys.sql = Sql\DslForeignKeys.sql
		Sql\DslFunctionArguments.sql = Sql\DslFunctionArguments.sql
		Sql\DslGenerators.sql = Sql\DslGenerators.sql
		Sql\DslIndexColumns.sql = Sql\DslIndexColumns.sql
		Sql\DslTriggers.sql = Sql\DslTriggers.sql
		Sql\DslViewColumns.sql = Sql\DslViewColumns.sql
		Sql\ViewSupportTriggers.sql = Sql\ViewSupportTriggers.sql
	EndProjectSection
EndProject
Project("{2150E333-8FDC-42A3-9474-1A3956D46DE8}") = "Private", "Private", "{172C8E85-C9A4-4387-8CE7-D9A533F4FA8F}"
EndProject
Project("{9A19103F-16F7-4668-BE54-9A1E7A4F7556}") = "BlackbirdSql.Common", "BlackbirdSql.Common\BlackbirdSql.Common.csproj", "{F6BF8C14-0A7D-42DF-803F-0A7C5D39979D}"
EndProject
Project("{8BC9CEB8-8B4A-11D0-8D11-00A0C91BC942}") = "BlackbirdDsl", "BlackbirdDsl\BlackbirdDsl.vcxproj", "{20FA4C6F-3C4E-46F2-B408-089D66D52C1B}"
EndProject
Project("{D954291E-2A0B-460D-934E-DC6B0785DB48}") = "FirebirdSql.Data.External", "Firebird\FirebirdSql.Data.External\FirebirdSql.Data.External.shproj", "{884EE120-B22E-4940-8C1C-626F13028376}"
EndProject
Project("{9A19103F-16F7-4668-BE54-9A1E7A4F7556}") = "FirebirdSql.Data.FirebirdClient", "Firebird\FirebirdSql.Data.FirebirdClient\FirebirdSql.Data.FirebirdClient.csproj", "{8071D6D5-491E-4ABA-8202-0ABBE913F129}"
EndProject
Project("{9A19103F-16F7-4668-BE54-9A1E7A4F7556}") = "EntityFramework.Firebird", "Firebird\EntityFramework.Firebird\EntityFramework.Firebird.csproj", "{764CEC97-8B92-4C38-A138-B6803004912A}"
EndProject
Project("{FAE04EC0-301F-11D3-BF4B-00C04F79EFBC}") = "BlackbirdSql.VisualStudio.Ddex", "BlackbirdSql.VisualStudio.Ddex\BlackbirdSql.VisualStudio.Ddex.csproj", "{4C70D3F2-5333-4E19-BC0D-8184330471D8}"
EndProject
Project("{FAE04EC0-301F-11D3-BF4B-00C04F79EFBC}") = "CsConsoleAppDsl", "Private\CsConsoleAppDsl\CsConsoleAppDsl.csproj", "{CE045B2F-CD19-48EE-8CCC-89A02206BB33}"
EndProject
Global
	GlobalSection(SolutionConfigurationPlatforms) = preSolution
		Debug|Any CPU = Debug|Any CPU
		Debug|x64 = Debug|x64
		Debug|x86 = Debug|x86
		Release|Any CPU = Release|Any CPU
		Release|x64 = Release|x64
		Release|x86 = Release|x86
	EndGlobalSection
	GlobalSection(ProjectConfigurationPlatforms) = postSolution
		{F6BF8C14-0A7D-42DF-803F-0A7C5D39979D}.Debug|Any CPU.ActiveCfg = Debug|Any CPU
		{F6BF8C14-0A7D-42DF-803F-0A7C5D39979D}.Debug|Any CPU.Build.0 = Debug|Any CPU
		{F6BF8C14-0A7D-42DF-803F-0A7C5D39979D}.Debug|x64.ActiveCfg = Debug|Any CPU
		{F6BF8C14-0A7D-42DF-803F-0A7C5D39979D}.Debug|x64.Build.0 = Debug|Any CPU
		{F6BF8C14-0A7D-42DF-803F-0A7C5D39979D}.Debug|x86.ActiveCfg = Debug|Any CPU
		{F6BF8C14-0A7D-42DF-803F-0A7C5D39979D}.Debug|x86.Build.0 = Debug|Any CPU
		{F6BF8C14-0A7D-42DF-803F-0A7C5D39979D}.Release|Any CPU.ActiveCfg = Release|Any CPU
		{F6BF8C14-0A7D-42DF-803F-0A7C5D39979D}.Release|Any CPU.Build.0 = Release|Any CPU
		{F6BF8C14-0A7D-42DF-803F-0A7C5D39979D}.Release|x64.ActiveCfg = Release|Any CPU
		{F6BF8C14-0A7D-42DF-803F-0A7C5D39979D}.Release|x64.Build.0 = Release|Any CPU
		{F6BF8C14-0A7D-42DF-803F-0A7C5D39979D}.Release|x86.ActiveCfg = Release|Any CPU
		{F6BF8C14-0A7D-42DF-803F-0A7C5D39979D}.Release|x86.Build.0 = Release|Any CPU
		{20FA4C6F-3C4E-46F2-B408-089D66D52C1B}.Debug|Any CPU.ActiveCfg = Debug|x64
		{20FA4C6F-3C4E-46F2-B408-089D66D52C1B}.Debug|Any CPU.Build.0 = Debug|x64
		{20FA4C6F-3C4E-46F2-B408-089D66D52C1B}.Debug|x64.ActiveCfg = Debug|x64
		{20FA4C6F-3C4E-46F2-B408-089D66D52C1B}.Debug|x64.Build.0 = Debug|x64
		{20FA4C6F-3C4E-46F2-B408-089D66D52C1B}.Debug|x86.ActiveCfg = Debug|x64
		{20FA4C6F-3C4E-46F2-B408-089D66D52C1B}.Release|Any CPU.ActiveCfg = Release|x64
		{20FA4C6F-3C4E-46F2-B408-089D66D52C1B}.Release|Any CPU.Build.0 = Release|x64
		{20FA4C6F-3C4E-46F2-B408-089D66D52C1B}.Release|x64.ActiveCfg = Release|x64
		{20FA4C6F-3C4E-46F2-B408-089D66D52C1B}.Release|x64.Build.0 = Release|x64
		{20FA4C6F-3C4E-46F2-B408-089D66D52C1B}.Release|x86.ActiveCfg = Release|x64
		{8071D6D5-491E-4ABA-8202-0ABBE913F129}.Debug|Any CPU.ActiveCfg = Debug|Any CPU
		{8071D6D5-491E-4ABA-8202-0ABBE913F129}.Debug|Any CPU.Build.0 = Debug|Any CPU
		{8071D6D5-491E-4ABA-8202-0ABBE913F129}.Debug|x64.ActiveCfg = Debug|Any CPU
		{8071D6D5-491E-4ABA-8202-0ABBE913F129}.Debug|x64.Build.0 = Debug|Any CPU
		{8071D6D5-491E-4ABA-8202-0ABBE913F129}.Debug|x86.ActiveCfg = Debug|Any CPU
		{8071D6D5-491E-4ABA-8202-0ABBE913F129}.Debug|x86.Build.0 = Debug|Any CPU
		{8071D6D5-491E-4ABA-8202-0ABBE913F129}.Release|Any CPU.ActiveCfg = Release|Any CPU
		{8071D6D5-491E-4ABA-8202-0ABBE913F129}.Release|Any CPU.Build.0 = Release|Any CPU
		{8071D6D5-491E-4ABA-8202-0ABBE913F129}.Release|x64.ActiveCfg = Release|Any CPU
		{8071D6D5-491E-4ABA-8202-0ABBE913F129}.Release|x64.Build.0 = Release|Any CPU
		{8071D6D5-491E-4ABA-8202-0ABBE913F129}.Release|x86.ActiveCfg = Release|Any CPU
		{8071D6D5-491E-4ABA-8202-0ABBE913F129}.Release|x86.Build.0 = Release|Any CPU
		{764CEC97-8B92-4C38-A138-B6803004912A}.Debug|Any CPU.ActiveCfg = Debug|Any CPU
		{764CEC97-8B92-4C38-A138-B6803004912A}.Debug|Any CPU.Build.0 = Debug|Any CPU
		{764CEC97-8B92-4C38-A138-B6803004912A}.Debug|x64.ActiveCfg = Debug|Any CPU
		{764CEC97-8B92-4C38-A138-B6803004912A}.Debug|x64.Build.0 = Debug|Any CPU
		{764CEC97-8B92-4C38-A138-B6803004912A}.Debug|x86.ActiveCfg = Debug|Any CPU
		{764CEC97-8B92-4C38-A138-B6803004912A}.Debug|x86.Build.0 = Debug|Any CPU
		{764CEC97-8B92-4C38-A138-B6803004912A}.Release|Any CPU.ActiveCfg = Release|Any CPU
		{764CEC97-8B92-4C38-A138-B6803004912A}.Release|Any CPU.Build.0 = Release|Any CPU
		{764CEC97-8B92-4C38-A138-B6803004912A}.Release|x64.ActiveCfg = Release|Any CPU
		{764CEC97-8B92-4C38-A138-B6803004912A}.Release|x64.Build.0 = Release|Any CPU
		{764CEC97-8B92-4C38-A138-B6803004912A}.Release|x86.ActiveCfg = Release|Any CPU
		{764CEC97-8B92-4C38-A138-B6803004912A}.Release|x86.Build.0 = Release|Any CPU
		{4C70D3F2-5333-4E19-BC0D-8184330471D8}.Debug|Any CPU.ActiveCfg = Debug|Any CPU
		{4C70D3F2-5333-4E19-BC0D-8184330471D8}.Debug|Any CPU.Build.0 = Debug|Any CPU
		{4C70D3F2-5333-4E19-BC0D-8184330471D8}.Debug|x64.ActiveCfg = Debug|Any CPU
		{4C70D3F2-5333-4E19-BC0D-8184330471D8}.Debug|x64.Build.0 = Debug|Any CPU
		{4C70D3F2-5333-4E19-BC0D-8184330471D8}.Debug|x86.ActiveCfg = Debug|Any CPU
		{4C70D3F2-5333-4E19-BC0D-8184330471D8}.Debug|x86.Build.0 = Debug|Any CPU
		{4C70D3F2-5333-4E19-BC0D-8184330471D8}.Release|Any CPU.ActiveCfg = Release|Any CPU
		{4C70D3F2-5333-4E19-BC0D-8184330471D8}.Release|Any CPU.Build.0 = Release|Any CPU
		{4C70D3F2-5333-4E19-BC0D-8184330471D8}.Release|x64.ActiveCfg = Release|Any CPU
		{4C70D3F2-5333-4E19-BC0D-8184330471D8}.Release|x64.Build.0 = Release|Any CPU
		{4C70D3F2-5333-4E19-BC0D-8184330471D8}.Release|x86.ActiveCfg = Release|Any CPU
		{CE045B2F-CD19-48EE-8CCC-89A02206BB33}.Debug|Any CPU.ActiveCfg = Debug|Any CPU
		{CE045B2F-CD19-48EE-8CCC-89A02206BB33}.Debug|Any CPU.Build.0 = Debug|Any CPU
		{CE045B2F-CD19-48EE-8CCC-89A02206BB33}.Debug|x64.ActiveCfg = Debug|Any CPU
		{CE045B2F-CD19-48EE-8CCC-89A02206BB33}.Debug|x64.Build.0 = Debug|Any CPU
		{CE045B2F-CD19-48EE-8CCC-89A02206BB33}.Debug|x86.ActiveCfg = Debug|Any CPU
		{CE045B2F-CD19-48EE-8CCC-89A02206BB33}.Debug|x86.Build.0 = Debug|Any CPU
		{CE045B2F-CD19-48EE-8CCC-89A02206BB33}.Release|Any CPU.ActiveCfg = Release|Any CPU
		{CE045B2F-CD19-48EE-8CCC-89A02206BB33}.Release|Any CPU.Build.0 = Release|Any CPU
		{CE045B2F-CD19-48EE-8CCC-89A02206BB33}.Release|x64.ActiveCfg = Release|Any CPU
		{CE045B2F-CD19-48EE-8CCC-89A02206BB33}.Release|x64.Build.0 = Release|Any CPU
		{CE045B2F-CD19-48EE-8CCC-89A02206BB33}.Release|x86.ActiveCfg = Release|Any CPU
		{CE045B2F-CD19-48EE-8CCC-89A02206BB33}.Release|x86.Build.0 = Release|Any CPU
	EndGlobalSection
	GlobalSection(SolutionProperties) = preSolution
		HideSolutionNode = FALSE
	EndGlobalSection
	GlobalSection(NestedProjects) = preSolution
		{884EE120-B22E-4940-8C1C-626F13028376} = {2AF853FC-ADFF-4432-8BFB-45093A1969F4}
		{8071D6D5-491E-4ABA-8202-0ABBE913F129} = {2AF853FC-ADFF-4432-8BFB-45093A1969F4}
		{764CEC97-8B92-4C38-A138-B6803004912A} = {2AF853FC-ADFF-4432-8BFB-45093A1969F4}
		{CE045B2F-CD19-48EE-8CCC-89A02206BB33} = {172C8E85-C9A4-4387-8CE7-D9A533F4FA8F}
	EndGlobalSection
	GlobalSection(ExtensibilityGlobals) = postSolution
		SolutionGuid = {39854CA8-D6FF-4E02-879D-704FC2E136D4}
	EndGlobalSection
	GlobalSection(SharedMSBuildProjectFiles) = preSolution
		Firebird\FirebirdSql.Data.External\FirebirdSql.Data.External.projitems*{8071d6d5-491e-4aba-8202-0abbe913f129}*SharedItemsImports = 5
		Firebird\FirebirdSql.Data.External\FirebirdSql.Data.External.projitems*{884ee120-b22e-4940-8c1c-626f13028376}*SharedItemsImports = 13
	EndGlobalSection
EndGlobal
