
Microsoft Visual Studio Solution File, Format Version 12.00
# Visual Studio Version 17
VisualStudioVersion = 17.5.33424.131
MinimumVisualStudioVersion = 10.0.40219.1
Project("{2150E333-8FDC-42A3-9474-1A3956D46DE8}") = "Solution Items", "Solution Items", "{8F6367E3-E075-457D-B6F1-0CB3E642A705}"
	ProjectSection(SolutionItems) = preProject
		.editorconfig = .editorconfig
		.gitattributes = .gitattributes
		.gitignore = .gitignore
		Directory.Build.props = Directory.Build.props
	EndProjectSection
EndProject
Project("{2150E333-8FDC-42A3-9474-1A3956D46DE8}") = "Firebird", "Firebird", "{2AF853FC-ADFF-4432-8BFB-45093A1969F4}"
EndProject
Project("{2150E333-8FDC-42A3-9474-1A3956D46DE8}") = "Sql", "Sql", "{F13C0BD2-B112-42D0-8B8D-1E26986B0410}"
	ProjectSection(SolutionItems) = preProject
		Sql\DslColumns.sql = Sql\DslColumns.sql
		Sql\DslForeignKeyColumns.sql = Sql\DslForeignKeyColumns.sql
		Sql\DslForeignKeys.sql = Sql\DslForeignKeys.sql
		Sql\DslFunctionArguments.sql = Sql\DslFunctionArguments.sql
		Sql\DslGenerators.sql = Sql\DslGenerators.sql
		Sql\DslIndexColumns.sql = Sql\DslIndexColumns.sql
		Sql\DslTriggers.sql = Sql\DslTriggers.sql
		Sql\DslViewColumns.sql = Sql\DslViewColumns.sql
		Sql\ViewSupportTriggers.sql = Sql\ViewSupportTriggers.sql
	EndProjectSection
EndProject
Project("{2150E333-8FDC-42A3-9474-1A3956D46DE8}") = "Private", "Private", "{172C8E85-C9A4-4387-8CE7-D9A533F4FA8F}"
EndProject
Project("{8BC9CEB8-8B4A-11D0-8D11-00A0C91BC942}") = "BlackbirdDsl", "BlackbirdDsl\BlackbirdDsl.vcxproj", "{20FA4C6F-3C4E-46F2-B408-089D66D52C1B}"
EndProject
Project("{FAE04EC0-301F-11D3-BF4B-00C04F79EFBC}") = "CsConsoleAppDsl", "Private\CsConsoleAppDsl\CsConsoleAppDsl.csproj", "{CE045B2F-CD19-48EE-8CCC-89A02206BB33}"
EndProject
Project("{FAE04EC0-301F-11D3-BF4B-00C04F79EFBC}") = "VS.Data.Sql", "Private\VS.Data.Sql\VS.Data.Sql.csproj", "{4CED057D-6DC6-47E0-AC9C-878664C9F4DD}"
EndProject
Project("{2150E333-8FDC-42A3-9474-1A3956D46DE8}") = "Docs", "Docs", "{F6F05A4E-8119-40C1-A871-2E52FDB3C97E}"
	ProjectSection(SolutionItems) = preProject
		Docs\ado-net-schema.md = Docs\ado-net-schema.md
		Docs\ado-net.md = Docs\ado-net.md
		Docs\batching.md = Docs\batching.md
		Docs\CHANGELOG.md = Docs\CHANGELOG.md
		Docs\decfloat.md = Docs\decfloat.md
		Directory.Build.props = Directory.Build.props
		Docs\dotnet-dotnetcore.md = Docs\dotnet-dotnetcore.md
		Docs\edmx-NET.md = Docs\edmx-NET.md
		Docs\entity-framework-6.md = Docs\entity-framework-6.md
		Docs\entity-framework-core.md = Docs\entity-framework-core.md
		Docs\events.md = Docs\events.md
		Docs\int128.md = Docs\int128.md
		Docs\license.txt = Docs\license.txt
		Docs\README.md = Docs\README.md
		Docs\Regex Saved Replaces.txt = Docs\Regex Saved Replaces.txt
		Docs\RunningConnectionTable.md = Docs\RunningConnectionTable.md
		Docs\services-backup.md = Docs\services-backup.md
		Docs\time-zones.md = Docs\time-zones.md
		Originals\vsshlids_Ref.h = Originals\vsshlids_Ref.h
	EndProjectSection
EndProject
Project("{2150E333-8FDC-42A3-9474-1A3956D46DE8}") = "Resources", "Resources", "{B1BE628E-D209-4BC0-8577-16BD82E1F5E2}"
	ProjectSection(SolutionItems) = preProject
		Resources\blackbird-128x128.png = Resources\blackbird-128x128.png
		Resources\blackbird-128x128.psd = Resources\blackbird-128x128.psd
		Resources\blackbird-90x90.png = Resources\blackbird-90x90.png
		Resources\blackbird-90x90.psd = Resources\blackbird-90x90.psd
		Resources\blackbird-vsix-preview.jpg = Resources\blackbird-vsix-preview.jpg
		Resources\blackbird-vsix-preview.psd = Resources\blackbird-vsix-preview.psd
		Resources\blackbirdsql.ico = Resources\blackbirdsql.ico
		Resources\blackbirdsql.psd = Resources\blackbirdsql.psd
		Resources\ReadMe.jpg = Resources\ReadMe.jpg
		Resources\ReadMe.psd = Resources\ReadMe.psd
		Resources\ReadMex640.jpg = Resources\ReadMex640.jpg
	EndProjectSection
EndProject
Project("{FAE04EC0-301F-11D3-BF4B-00C04F79EFBC}") = "ConsoleTest", "Private\ConsoleTest\ConsoleTest.csproj", "{661A1BA1-5E54-4774-8422-C0361FD2BC46}"
EndProject
Project("{9A19103F-16F7-4668-BE54-9A1E7A4F7556}") = "BlackbirdSql.Controller", "BlackbirdSql.Controller\BlackbirdSql.Controller.csproj", "{866DA724-0A9B-48FC-BE41-03161A61A105}"
EndProject
Project("{FAE04EC0-301F-11D3-BF4B-00C04F79EFBC}") = "BlackbirdSql.VisualStudio.Ddex", "BlackbirdSql.VisualStudio.Ddex\BlackbirdSql.VisualStudio.Ddex.csproj", "{4C70D3F2-5333-4E19-BC0D-8184330471D8}"
EndProject
Project("{9A19103F-16F7-4668-BE54-9A1E7A4F7556}") = "BlackbirdSql.EditorExtension", "BlackbirdSql.EditorExtension\BlackbirdSql.EditorExtension.csproj", "{FB5DD543-3C21-4829-869D-ABB2CD0360A5}"
EndProject
Project("{9A19103F-16F7-4668-BE54-9A1E7A4F7556}") = "BlackbirdSql.Core", "BlackbirdSql.Core\BlackbirdSql.Core.csproj", "{4EC9471D-8823-4651-92C1-B9B2B49428AD}"
EndProject
Project("{9A19103F-16F7-4668-BE54-9A1E7A4F7556}") = "BlackbirdSql.Common", "BlackbirdSql.Common\BlackbirdSql.Common.csproj", "{A17289FA-EFEF-49AA-8757-296447C2C1BE}"
EndProject
Project("{2150E333-8FDC-42A3-9474-1A3956D46DE8}") = "Originals", "Originals", "{4B834E6D-07B9-4D5C-8C06-263DB7404B44}"
	ProjectSection(SolutionItems) = preProject
		Originals\ConnectionDialogResources2.resx = Originals\ConnectionDialogResources2.resx
		Originals\ConnectionDlg.Core.CoreResource.resx = Originals\ConnectionDlg.Core.CoreResource.resx
		Originals\ConnectionDlg.UI.ConnectionPropertiesResources.resx = Originals\ConnectionDlg.UI.ConnectionPropertiesResources.resx
		Originals\ConnectionDlg.UI.FirewallRullDialogResources.resx = Originals\ConnectionDlg.UI.FirewallRullDialogResources.resx
		Originals\Cosmos.TabbedEditor.GuidList.cs = Originals\Cosmos.TabbedEditor.GuidList.cs
		Originals\Data.Tools.SqlEditor.Resources.resx = Originals\Data.Tools.SqlEditor.Resources.resx
		Originals\DataObjectSupport_Ref.xsd = Originals\DataObjectSupport_Ref.xsd
		Originals\DataViewSupport_Ref.xsd = Originals\DataViewSupport_Ref.xsd
		Originals\DefaultView_Ref.SEView = Originals\DefaultView_Ref.SEView
		Originals\DefGuidList_Ref.cs = Originals\DefGuidList_Ref.cs
		Originals\DesignerServicesResource_ref.resx = Originals\DesignerServicesResource_ref.resx
		Originals\IvsServices Regex.txt = Originals\IvsServices Regex.txt
		Originals\Management.SqlMgmt.SR.resx = Originals\Management.SqlMgmt.SR.resx
		Originals\Management.SqlMgmt.SRError.resx = Originals\Management.SqlMgmt.SRError.resx
		Originals\Management.UI.Grid.SRError.resx = Originals\Management.UI.Grid.SRError.resx
		Originals\Management.UI.Grid.StringDataStorage.resx = Originals\Management.UI.Grid.StringDataStorage.resx
		Originals\Microsoft.VisualStudio.Data.Framework.NativeMethods.cs = Originals\Microsoft.VisualStudio.Data.Framework.NativeMethods.cs
		Originals\Microsoft.VisualStudio.Data.Framework.Properties.Resources.resx = Originals\Microsoft.VisualStudio.Data.Framework.Properties.Resources.resx
		Originals\Microsoft.VisualStudio.Data.Providers.Common.Properties.Resources.resx = Originals\Microsoft.VisualStudio.Data.Providers.Common.Properties.Resources.resx
		Originals\Microsoft.VSDesigner.ServerExplorer.Constants.cs = Originals\Microsoft.VSDesigner.ServerExplorer.Constants.cs
		Originals\Microsoft.VsSDK.CompatibilityAnalyzer.targets = Originals\Microsoft.VsSDK.CompatibilityAnalyzer.targets
		Originals\OleConstants_Ref.cs = Originals\OleConstants_Ref.cs
		Originals\ServerReadsResults.txt = Originals\ServerReadsResults.txt
		Originals\ShowPlanResultSample.txt = Originals\ShowPlanResultSample.txt
		Originals\ShowPlanSample_Ref.xml = Originals\ShowPlanSample_Ref.xml
		Originals\showplanxml_Ref.xsd = Originals\showplanxml_Ref.xsd
		Originals\SqlEditor.Resources.resx = Originals\SqlEditor.Resources.resx
		Originals\SqlEditorPackageCmdIDList_Ref.cs = Originals\SqlEditorPackageCmdIDList_Ref.cs
		Originals\SqlEditorResource_Ref.resx = Originals\SqlEditorResource_Ref.resx
		Originals\SqlExecutionAnsiSettingsDlg_Ref.resx = Originals\SqlExecutionAnsiSettingsDlg_Ref.resx
		Originals\SqlGuidList_Ref.cs = Originals\SqlGuidList_Ref.cs
		Originals\SqlPackageResource.resx = Originals\SqlPackageResource.resx
		Originals\stdidcmd_Ref.h = Originals\stdidcmd_Ref.h
		Originals\TabbedEditorResources_Ref.resx = Originals\TabbedEditorResources_Ref.resx
		Originals\Using WPF with EDMX.txt = Originals\Using WPF with EDMX.txt
		Originals\VSConstants_Ref.cs = Originals\VSConstants_Ref.cs
		Originals\VSCT_Ref.xsd = Originals\VSCT_Ref.xsd
		Originals\VSPackage_Ref.resx = Originals\VSPackage_Ref.resx
		Originals\WorkFile.cs = Originals\WorkFile.cs
		Originals\WorkFile.txt = Originals\WorkFile.txt
	EndProjectSection
EndProject
Project("{FAE04EC0-301F-11D3-BF4B-00C04F79EFBC}") = "SIP.NET", "Private\CustomUriParser\SIP.NET.csproj", "{301BF3DA-EAD4-4A74-B191-623E534F4EBD}"
EndProject
Global
	GlobalSection(SolutionConfigurationPlatforms) = preSolution
		Debug|Any CPU = Debug|Any CPU
		Debug|arm64 = Debug|arm64
		Debug|x64 = Debug|x64
		Debug|x86 = Debug|x86
		Release|Any CPU = Release|Any CPU
		Release|arm64 = Release|arm64
		Release|x64 = Release|x64
		Release|x86 = Release|x86
	EndGlobalSection
	GlobalSection(ProjectConfigurationPlatforms) = postSolution
		{20FA4C6F-3C4E-46F2-B408-089D66D52C1B}.Debug|Any CPU.ActiveCfg = Debug|x64
		{20FA4C6F-3C4E-46F2-B408-089D66D52C1B}.Debug|Any CPU.Build.0 = Debug|x64
		{20FA4C6F-3C4E-46F2-B408-089D66D52C1B}.Debug|arm64.ActiveCfg = Debug|x64
		{20FA4C6F-3C4E-46F2-B408-089D66D52C1B}.Debug|arm64.Build.0 = Debug|x64
		{20FA4C6F-3C4E-46F2-B408-089D66D52C1B}.Debug|x64.ActiveCfg = Debug|x64
		{20FA4C6F-3C4E-46F2-B408-089D66D52C1B}.Debug|x64.Build.0 = Debug|x64
		{20FA4C6F-3C4E-46F2-B408-089D66D52C1B}.Debug|x86.ActiveCfg = Debug|x64
		{20FA4C6F-3C4E-46F2-B408-089D66D52C1B}.Release|Any CPU.ActiveCfg = Release|x64
		{20FA4C6F-3C4E-46F2-B408-089D66D52C1B}.Release|Any CPU.Build.0 = Release|x64
		{20FA4C6F-3C4E-46F2-B408-089D66D52C1B}.Release|arm64.ActiveCfg = Release|x64
		{20FA4C6F-3C4E-46F2-B408-089D66D52C1B}.Release|arm64.Build.0 = Release|x64
		{20FA4C6F-3C4E-46F2-B408-089D66D52C1B}.Release|x64.ActiveCfg = Release|x64
		{20FA4C6F-3C4E-46F2-B408-089D66D52C1B}.Release|x64.Build.0 = Release|x64
		{20FA4C6F-3C4E-46F2-B408-089D66D52C1B}.Release|x86.ActiveCfg = Release|x64
		{CE045B2F-CD19-48EE-8CCC-89A02206BB33}.Debug|Any CPU.ActiveCfg = Debug|Any CPU
		{CE045B2F-CD19-48EE-8CCC-89A02206BB33}.Debug|Any CPU.Build.0 = Debug|Any CPU
		{CE045B2F-CD19-48EE-8CCC-89A02206BB33}.Debug|arm64.ActiveCfg = Debug|Any CPU
		{CE045B2F-CD19-48EE-8CCC-89A02206BB33}.Debug|x64.ActiveCfg = Debug|Any CPU
		{CE045B2F-CD19-48EE-8CCC-89A02206BB33}.Debug|x64.Build.0 = Debug|Any CPU
		{CE045B2F-CD19-48EE-8CCC-89A02206BB33}.Debug|x86.ActiveCfg = Debug|Any CPU
		{CE045B2F-CD19-48EE-8CCC-89A02206BB33}.Debug|x86.Build.0 = Debug|Any CPU
		{CE045B2F-CD19-48EE-8CCC-89A02206BB33}.Release|Any CPU.ActiveCfg = Release|Any CPU
		{CE045B2F-CD19-48EE-8CCC-89A02206BB33}.Release|Any CPU.Build.0 = Release|Any CPU
		{CE045B2F-CD19-48EE-8CCC-89A02206BB33}.Release|arm64.ActiveCfg = Release|Any CPU
		{CE045B2F-CD19-48EE-8CCC-89A02206BB33}.Release|x64.ActiveCfg = Release|Any CPU
		{CE045B2F-CD19-48EE-8CCC-89A02206BB33}.Release|x64.Build.0 = Release|Any CPU
		{CE045B2F-CD19-48EE-8CCC-89A02206BB33}.Release|x86.ActiveCfg = Release|Any CPU
		{CE045B2F-CD19-48EE-8CCC-89A02206BB33}.Release|x86.Build.0 = Release|Any CPU
		{4CED057D-6DC6-47E0-AC9C-878664C9F4DD}.Debug|Any CPU.ActiveCfg = Debug|Any CPU
		{4CED057D-6DC6-47E0-AC9C-878664C9F4DD}.Debug|Any CPU.Build.0 = Debug|Any CPU
		{4CED057D-6DC6-47E0-AC9C-878664C9F4DD}.Debug|arm64.ActiveCfg = Debug|arm64
		{4CED057D-6DC6-47E0-AC9C-878664C9F4DD}.Debug|arm64.Build.0 = Debug|arm64
		{4CED057D-6DC6-47E0-AC9C-878664C9F4DD}.Debug|x64.ActiveCfg = Debug|Any CPU
		{4CED057D-6DC6-47E0-AC9C-878664C9F4DD}.Debug|x64.Build.0 = Debug|Any CPU
		{4CED057D-6DC6-47E0-AC9C-878664C9F4DD}.Debug|x86.ActiveCfg = Debug|x86
		{4CED057D-6DC6-47E0-AC9C-878664C9F4DD}.Debug|x86.Build.0 = Debug|x86
		{4CED057D-6DC6-47E0-AC9C-878664C9F4DD}.Release|Any CPU.ActiveCfg = Release|Any CPU
		{4CED057D-6DC6-47E0-AC9C-878664C9F4DD}.Release|Any CPU.Build.0 = Release|Any CPU
		{4CED057D-6DC6-47E0-AC9C-878664C9F4DD}.Release|arm64.ActiveCfg = Release|arm64
		{4CED057D-6DC6-47E0-AC9C-878664C9F4DD}.Release|arm64.Build.0 = Release|arm64
		{4CED057D-6DC6-47E0-AC9C-878664C9F4DD}.Release|x64.ActiveCfg = Release|Any CPU
		{4CED057D-6DC6-47E0-AC9C-878664C9F4DD}.Release|x64.Build.0 = Release|Any CPU
		{4CED057D-6DC6-47E0-AC9C-878664C9F4DD}.Release|x86.ActiveCfg = Release|x86
		{4CED057D-6DC6-47E0-AC9C-878664C9F4DD}.Release|x86.Build.0 = Release|x86
		{661A1BA1-5E54-4774-8422-C0361FD2BC46}.Debug|Any CPU.ActiveCfg = Debug|Any CPU
		{661A1BA1-5E54-4774-8422-C0361FD2BC46}.Debug|Any CPU.Build.0 = Debug|Any CPU
		{661A1BA1-5E54-4774-8422-C0361FD2BC46}.Debug|arm64.ActiveCfg = Debug|Any CPU
		{661A1BA1-5E54-4774-8422-C0361FD2BC46}.Debug|arm64.Build.0 = Debug|Any CPU
		{661A1BA1-5E54-4774-8422-C0361FD2BC46}.Debug|x64.ActiveCfg = Debug|Any CPU
		{661A1BA1-5E54-4774-8422-C0361FD2BC46}.Debug|x64.Build.0 = Debug|Any CPU
		{661A1BA1-5E54-4774-8422-C0361FD2BC46}.Debug|x86.ActiveCfg = Debug|Any CPU
		{661A1BA1-5E54-4774-8422-C0361FD2BC46}.Debug|x86.Build.0 = Debug|Any CPU
		{661A1BA1-5E54-4774-8422-C0361FD2BC46}.Release|Any CPU.ActiveCfg = Release|Any CPU
		{661A1BA1-5E54-4774-8422-C0361FD2BC46}.Release|Any CPU.Build.0 = Release|Any CPU
		{661A1BA1-5E54-4774-8422-C0361FD2BC46}.Release|arm64.ActiveCfg = Release|Any CPU
		{661A1BA1-5E54-4774-8422-C0361FD2BC46}.Release|arm64.Build.0 = Release|Any CPU
		{661A1BA1-5E54-4774-8422-C0361FD2BC46}.Release|x64.ActiveCfg = Release|Any CPU
		{661A1BA1-5E54-4774-8422-C0361FD2BC46}.Release|x64.Build.0 = Release|Any CPU
		{661A1BA1-5E54-4774-8422-C0361FD2BC46}.Release|x86.ActiveCfg = Release|Any CPU
		{661A1BA1-5E54-4774-8422-C0361FD2BC46}.Release|x86.Build.0 = Release|Any CPU
		{866DA724-0A9B-48FC-BE41-03161A61A105}.Debug|Any CPU.ActiveCfg = Debug|Any CPU
		{866DA724-0A9B-48FC-BE41-03161A61A105}.Debug|Any CPU.Build.0 = Debug|Any CPU
		{866DA724-0A9B-48FC-BE41-03161A61A105}.Debug|arm64.ActiveCfg = Debug|Any CPU
		{866DA724-0A9B-48FC-BE41-03161A61A105}.Debug|arm64.Build.0 = Debug|Any CPU
		{866DA724-0A9B-48FC-BE41-03161A61A105}.Debug|x64.ActiveCfg = Debug|Any CPU
		{866DA724-0A9B-48FC-BE41-03161A61A105}.Debug|x64.Build.0 = Debug|Any CPU
		{866DA724-0A9B-48FC-BE41-03161A61A105}.Debug|x86.ActiveCfg = Debug|Any CPU
		{866DA724-0A9B-48FC-BE41-03161A61A105}.Debug|x86.Build.0 = Debug|Any CPU
		{866DA724-0A9B-48FC-BE41-03161A61A105}.Release|Any CPU.ActiveCfg = Release|Any CPU
		{866DA724-0A9B-48FC-BE41-03161A61A105}.Release|Any CPU.Build.0 = Release|Any CPU
		{866DA724-0A9B-48FC-BE41-03161A61A105}.Release|arm64.ActiveCfg = Release|Any CPU
		{866DA724-0A9B-48FC-BE41-03161A61A105}.Release|arm64.Build.0 = Release|Any CPU
		{866DA724-0A9B-48FC-BE41-03161A61A105}.Release|x64.ActiveCfg = Release|Any CPU
		{866DA724-0A9B-48FC-BE41-03161A61A105}.Release|x64.Build.0 = Release|Any CPU
		{866DA724-0A9B-48FC-BE41-03161A61A105}.Release|x86.ActiveCfg = Release|Any CPU
		{866DA724-0A9B-48FC-BE41-03161A61A105}.Release|x86.Build.0 = Release|Any CPU
		{4C70D3F2-5333-4E19-BC0D-8184330471D8}.Debug|Any CPU.ActiveCfg = Debug|Any CPU
		{4C70D3F2-5333-4E19-BC0D-8184330471D8}.Debug|Any CPU.Build.0 = Debug|Any CPU
		{4C70D3F2-5333-4E19-BC0D-8184330471D8}.Debug|arm64.ActiveCfg = Debug|arm64
		{4C70D3F2-5333-4E19-BC0D-8184330471D8}.Debug|arm64.Build.0 = Debug|arm64
		{4C70D3F2-5333-4E19-BC0D-8184330471D8}.Debug|x64.ActiveCfg = Debug|Any CPU
		{4C70D3F2-5333-4E19-BC0D-8184330471D8}.Debug|x64.Build.0 = Debug|Any CPU
		{4C70D3F2-5333-4E19-BC0D-8184330471D8}.Debug|x86.ActiveCfg = Debug|x86
		{4C70D3F2-5333-4E19-BC0D-8184330471D8}.Debug|x86.Build.0 = Debug|x86
		{4C70D3F2-5333-4E19-BC0D-8184330471D8}.Release|Any CPU.ActiveCfg = Release|Any CPU
		{4C70D3F2-5333-4E19-BC0D-8184330471D8}.Release|Any CPU.Build.0 = Release|Any CPU
		{4C70D3F2-5333-4E19-BC0D-8184330471D8}.Release|arm64.ActiveCfg = Release|arm64
		{4C70D3F2-5333-4E19-BC0D-8184330471D8}.Release|arm64.Build.0 = Release|arm64
		{4C70D3F2-5333-4E19-BC0D-8184330471D8}.Release|x64.ActiveCfg = Release|Any CPU
		{4C70D3F2-5333-4E19-BC0D-8184330471D8}.Release|x64.Build.0 = Release|Any CPU
		{4C70D3F2-5333-4E19-BC0D-8184330471D8}.Release|x86.ActiveCfg = Release|x86
		{4C70D3F2-5333-4E19-BC0D-8184330471D8}.Release|x86.Build.0 = Release|x86
		{FB5DD543-3C21-4829-869D-ABB2CD0360A5}.Debug|Any CPU.ActiveCfg = Debug|Any CPU
		{FB5DD543-3C21-4829-869D-ABB2CD0360A5}.Debug|Any CPU.Build.0 = Debug|Any CPU
		{FB5DD543-3C21-4829-869D-ABB2CD0360A5}.Debug|arm64.ActiveCfg = Debug|arm64
		{FB5DD543-3C21-4829-869D-ABB2CD0360A5}.Debug|arm64.Build.0 = Debug|arm64
		{FB5DD543-3C21-4829-869D-ABB2CD0360A5}.Debug|x64.ActiveCfg = Debug|Any CPU
		{FB5DD543-3C21-4829-869D-ABB2CD0360A5}.Debug|x64.Build.0 = Debug|Any CPU
		{FB5DD543-3C21-4829-869D-ABB2CD0360A5}.Debug|x86.ActiveCfg = Debug|x86
		{FB5DD543-3C21-4829-869D-ABB2CD0360A5}.Debug|x86.Build.0 = Debug|x86
		{FB5DD543-3C21-4829-869D-ABB2CD0360A5}.Release|Any CPU.ActiveCfg = Release|Any CPU
		{FB5DD543-3C21-4829-869D-ABB2CD0360A5}.Release|Any CPU.Build.0 = Release|Any CPU
		{FB5DD543-3C21-4829-869D-ABB2CD0360A5}.Release|arm64.ActiveCfg = Release|arm64
		{FB5DD543-3C21-4829-869D-ABB2CD0360A5}.Release|arm64.Build.0 = Release|arm64
		{FB5DD543-3C21-4829-869D-ABB2CD0360A5}.Release|x64.ActiveCfg = Release|Any CPU
		{FB5DD543-3C21-4829-869D-ABB2CD0360A5}.Release|x64.Build.0 = Release|Any CPU
		{FB5DD543-3C21-4829-869D-ABB2CD0360A5}.Release|x86.ActiveCfg = Release|x86
		{FB5DD543-3C21-4829-869D-ABB2CD0360A5}.Release|x86.Build.0 = Release|x86
		{4EC9471D-8823-4651-92C1-B9B2B49428AD}.Debug|Any CPU.ActiveCfg = Debug|Any CPU
		{4EC9471D-8823-4651-92C1-B9B2B49428AD}.Debug|Any CPU.Build.0 = Debug|Any CPU
		{4EC9471D-8823-4651-92C1-B9B2B49428AD}.Debug|arm64.ActiveCfg = Debug|Any CPU
		{4EC9471D-8823-4651-92C1-B9B2B49428AD}.Debug|arm64.Build.0 = Debug|Any CPU
		{4EC9471D-8823-4651-92C1-B9B2B49428AD}.Debug|x64.ActiveCfg = Debug|Any CPU
		{4EC9471D-8823-4651-92C1-B9B2B49428AD}.Debug|x64.Build.0 = Debug|Any CPU
		{4EC9471D-8823-4651-92C1-B9B2B49428AD}.Debug|x86.ActiveCfg = Debug|Any CPU
		{4EC9471D-8823-4651-92C1-B9B2B49428AD}.Debug|x86.Build.0 = Debug|Any CPU
		{4EC9471D-8823-4651-92C1-B9B2B49428AD}.Release|Any CPU.ActiveCfg = Release|Any CPU
		{4EC9471D-8823-4651-92C1-B9B2B49428AD}.Release|Any CPU.Build.0 = Release|Any CPU
		{4EC9471D-8823-4651-92C1-B9B2B49428AD}.Release|arm64.ActiveCfg = Release|Any CPU
		{4EC9471D-8823-4651-92C1-B9B2B49428AD}.Release|arm64.Build.0 = Release|Any CPU
		{4EC9471D-8823-4651-92C1-B9B2B49428AD}.Release|x64.ActiveCfg = Release|Any CPU
		{4EC9471D-8823-4651-92C1-B9B2B49428AD}.Release|x64.Build.0 = Release|Any CPU
		{4EC9471D-8823-4651-92C1-B9B2B49428AD}.Release|x86.ActiveCfg = Release|Any CPU
		{4EC9471D-8823-4651-92C1-B9B2B49428AD}.Release|x86.Build.0 = Release|Any CPU
		{A17289FA-EFEF-49AA-8757-296447C2C1BE}.Debug|Any CPU.ActiveCfg = Debug|Any CPU
		{A17289FA-EFEF-49AA-8757-296447C2C1BE}.Debug|Any CPU.Build.0 = Debug|Any CPU
		{A17289FA-EFEF-49AA-8757-296447C2C1BE}.Debug|arm64.ActiveCfg = Debug|Any CPU
		{A17289FA-EFEF-49AA-8757-296447C2C1BE}.Debug|arm64.Build.0 = Debug|Any CPU
		{A17289FA-EFEF-49AA-8757-296447C2C1BE}.Debug|x64.ActiveCfg = Debug|Any CPU
		{A17289FA-EFEF-49AA-8757-296447C2C1BE}.Debug|x64.Build.0 = Debug|Any CPU
		{A17289FA-EFEF-49AA-8757-296447C2C1BE}.Debug|x86.ActiveCfg = Debug|Any CPU
		{A17289FA-EFEF-49AA-8757-296447C2C1BE}.Debug|x86.Build.0 = Debug|Any CPU
		{A17289FA-EFEF-49AA-8757-296447C2C1BE}.Release|Any CPU.ActiveCfg = Release|Any CPU
		{A17289FA-EFEF-49AA-8757-296447C2C1BE}.Release|Any CPU.Build.0 = Release|Any CPU
		{A17289FA-EFEF-49AA-8757-296447C2C1BE}.Release|arm64.ActiveCfg = Release|Any CPU
		{A17289FA-EFEF-49AA-8757-296447C2C1BE}.Release|arm64.Build.0 = Release|Any CPU
		{A17289FA-EFEF-49AA-8757-296447C2C1BE}.Release|x64.ActiveCfg = Release|Any CPU
		{A17289FA-EFEF-49AA-8757-296447C2C1BE}.Release|x64.Build.0 = Release|Any CPU
		{A17289FA-EFEF-49AA-8757-296447C2C1BE}.Release|x86.ActiveCfg = Release|Any CPU
		{A17289FA-EFEF-49AA-8757-296447C2C1BE}.Release|x86.Build.0 = Release|Any CPU
		{301BF3DA-EAD4-4A74-B191-623E534F4EBD}.Debug|Any CPU.ActiveCfg = Debug|Any CPU
		{301BF3DA-EAD4-4A74-B191-623E534F4EBD}.Debug|Any CPU.Build.0 = Debug|Any CPU
		{301BF3DA-EAD4-4A74-B191-623E534F4EBD}.Debug|arm64.ActiveCfg = Debug|Any CPU
		{301BF3DA-EAD4-4A74-B191-623E534F4EBD}.Debug|arm64.Build.0 = Debug|Any CPU
		{301BF3DA-EAD4-4A74-B191-623E534F4EBD}.Debug|x64.ActiveCfg = Debug|Any CPU
		{301BF3DA-EAD4-4A74-B191-623E534F4EBD}.Debug|x64.Build.0 = Debug|Any CPU
		{301BF3DA-EAD4-4A74-B191-623E534F4EBD}.Debug|x86.ActiveCfg = Debug|Any CPU
		{301BF3DA-EAD4-4A74-B191-623E534F4EBD}.Debug|x86.Build.0 = Debug|Any CPU
		{301BF3DA-EAD4-4A74-B191-623E534F4EBD}.Release|Any CPU.ActiveCfg = Release|Any CPU
		{301BF3DA-EAD4-4A74-B191-623E534F4EBD}.Release|Any CPU.Build.0 = Release|Any CPU
		{301BF3DA-EAD4-4A74-B191-623E534F4EBD}.Release|arm64.ActiveCfg = Release|Any CPU
		{301BF3DA-EAD4-4A74-B191-623E534F4EBD}.Release|arm64.Build.0 = Release|Any CPU
		{301BF3DA-EAD4-4A74-B191-623E534F4EBD}.Release|x64.ActiveCfg = Release|Any CPU
		{301BF3DA-EAD4-4A74-B191-623E534F4EBD}.Release|x64.Build.0 = Release|Any CPU
		{301BF3DA-EAD4-4A74-B191-623E534F4EBD}.Release|x86.ActiveCfg = Release|Any CPU
		{301BF3DA-EAD4-4A74-B191-623E534F4EBD}.Release|x86.Build.0 = Release|Any CPU
	EndGlobalSection
	GlobalSection(SolutionProperties) = preSolution
		HideSolutionNode = FALSE
	EndGlobalSection
	GlobalSection(NestedProjects) = preSolution
		{CE045B2F-CD19-48EE-8CCC-89A02206BB33} = {172C8E85-C9A4-4387-8CE7-D9A533F4FA8F}
		{4CED057D-6DC6-47E0-AC9C-878664C9F4DD} = {172C8E85-C9A4-4387-8CE7-D9A533F4FA8F}
		{661A1BA1-5E54-4774-8422-C0361FD2BC46} = {172C8E85-C9A4-4387-8CE7-D9A533F4FA8F}
		{301BF3DA-EAD4-4A74-B191-623E534F4EBD} = {172C8E85-C9A4-4387-8CE7-D9A533F4FA8F}
	EndGlobalSection
	GlobalSection(ExtensibilityGlobals) = postSolution
		SolutionGuid = {39854CA8-D6FF-4E02-879D-704FC2E136D4}
	EndGlobalSection
EndGlobal
