<?xml version="1.0" encoding="utf-8"?>
<Project ToolsVersion="4.0" xmlns="http://schemas.microsoft.com/developer/msbuild/2003">
  <ItemGroup>
    <Filter Include="Source Files">
      <UniqueIdentifier>{4FC737F1-C7A5-4376-A066-2A32D752A2FF}</UniqueIdentifier>
      <Extensions>cpp;c;cc;cxx;c++;cppm;ixx;def;odl;idl;hpj;bat;asm;asmx</Extensions>
    </Filter>
    <Filter Include="Header Files">
      <UniqueIdentifier>{93995380-89BD-4b04-88EB-625FBE52EBFB}</UniqueIdentifier>
      <Extensions>h;hh;hpp;hxx;h++;hm;inl;inc;ipp;xsd</Extensions>
    </Filter>
    <Filter Include="Resource Files">
      <UniqueIdentifier>{67DA6AB6-F800-4c08-8B7A-83BB121AAD01}</UniqueIdentifier>
      <Extensions>rc;ico;cur;bmp;dlg;rc2;rct;bin;rgs;gif;jpg;jpeg;jpe;resx;tiff;tif;png;wav;mfcribbon-ms</Extensions>
    </Filter>
  </ItemGroup>
  <ItemGroup>
    <ClInclude Include="Include\framework.h">
      <Filter>Header Files</Filter>
    </ClInclude>
    <ClInclude Include="CPenta\Include\AbstractReplicant.h">
      <Filter>Header Files</Filter>
    </ClInclude>
    <ClInclude Include="CPenta\Include\AdvancedReplicant.h">
      <Filter>Header Files</Filter>
    </ClInclude>
    <ClInclude Include="CPenta\Include\AbstractCell.h">
      <Filter>Header Files</Filter>
    </ClInclude>
    <ClInclude Include="CPenta\Include\ReplicaEnumerator.h">
      <Filter>Header Files</Filter>
    </ClInclude>
    <ClInclude Include="CPenta\Include\AbstruseReplicant.h">
      <Filter>Header Files</Filter>
    </ClInclude>
    <ClInclude Include="CPenta\Include\Diag.h">
      <Filter>Header Files</Filter>
    </ClInclude>
    <ClInclude Include="CPenta\Include\Replicant.h">
      <Filter>Header Files</Filter>
    </ClInclude>
    <ClInclude Include="CPenta\Include\Cell.h">
      <Filter>Header Files</Filter>
    </ClInclude>
    <ClInclude Include="CPenta\Include\CPentaCommon.h">
      <Filter>Header Files</Filter>
    </ClInclude>
    <ClInclude Include="CPenta\Include\IReplicant.h">
      <Filter>Header Files</Filter>
    </ClInclude>
    <ClInclude Include="CPenta\Include\ReplicaKey.h">
      <Filter>Header Files</Filter>
    </ClInclude>
    <ClInclude Include="CPenta\Include\CellSpecies.h">
      <Filter>Header Files</Filter>
    </ClInclude>
    <ClInclude Include="Parser\Include\Parser.h">
      <Filter>Header Files</Filter>
    </ClInclude>
    <ClInclude Include="BlackbirdParser.h">
      <Filter>Header Files</Filter>
    </ClInclude>
    <ClInclude Include="C5Common.h">
      <Filter>Header Files</Filter>
    </ClInclude>
    <ClInclude Include="CPenta\Include\StringCell.h">
      <Filter>Header Files</Filter>
    </ClInclude>
    <ClInclude Include="Parser\Include\DslOptions.h">
      <Filter>Header Files</Filter>
    </ClInclude>
    <ClInclude Include="Include\pch.h">
      <Filter>Header Files</Filter>
    </ClInclude>
    <ClInclude Include="Parser\Common\Include\AbstractParser.h">
      <Filter>Header Files</Filter>
    </ClInclude>
    <ClInclude Include="Parser\Common\Include\IParser.h">
      <Filter>Header Files</Filter>
    </ClInclude>
    <ClInclude Include="Parser\Configuration\Include\Gram.h">
      <Filter>Header Files</Filter>
    </ClInclude>
    <ClInclude Include="Parser\Configuration\Include\GramConsts.h">
      <Filter>Header Files</Filter>
    </ClInclude>
    <ClInclude Include="Parser\Extensions\Include\ExtensionMethods.h">
      <Filter>Header Files</Filter>
    </ClInclude>
    <ClInclude Include="Parser\Common\Include\Scanner.h">
      <Filter>Header Files</Filter>
    </ClInclude>
    <ClInclude Include="Parser\Parsers\Include\SqlParser.h">
      <Filter>Header Files</Filter>
    </ClInclude>
    <ClInclude Include="Parser\Parsers\Include\UnionParser.h">
      <Filter>Header Files</Filter>
    </ClInclude>
    <ClInclude Include="Parser\Common\Include\RegexLexer.h">
      <Filter>Header Files</Filter>
    </ClInclude>
    <ClInclude Include="Parser\Parsers\Include\ParserManager.h">
      <Filter>Header Files</Filter>
    </ClInclude>
    <ClInclude Include="Parser\Parsers\Include\TBracketParser.h">
      <Filter>Header Files</Filter>
    </ClInclude>
    <ClInclude Include="Parser\Parsers\Include\TCreateParser.h">
      <Filter>Header Files</Filter>
    </ClInclude>
    <ClInclude Include="Parser\Parsers\Include\TTableParser.h">
      <Filter>Header Files</Filter>
    </ClInclude>
    <ClInclude Include="Parser\Parsers\Include\TIndexParser.h">
      <Filter>Header Files</Filter>
    </ClInclude>
    <ClInclude Include="Parser\Parsers\Include\TDeleteParser.h">
      <Filter>Header Files</Filter>
    </ClInclude>
    <ClInclude Include="Parser\Parsers\Include\TDescParser.h">
      <Filter>Header Files</Filter>
    </ClInclude>
    <ClInclude Include="Parser\Parsers\Include\TDescribeParser.h">
      <Filter>Header Files</Filter>
    </ClInclude>
    <ClInclude Include="Parser\Parsers\Include\TDropParser.h">
      <Filter>Header Files</Filter>
    </ClInclude>
    <ClInclude Include="Parser\Parsers\Include\TDuplicateParser.h">
      <Filter>Header Files</Filter>
    </ClInclude>
    <ClInclude Include="Parser\Parsers\Include\TExplainParser.h">
      <Filter>Header Files</Filter>
    </ClInclude>
    <ClInclude Include="Parser\Parsers\Include\TFromParser.h">
      <Filter>Header Files</Filter>
    </ClInclude>
    <ClInclude Include="Parser\Parsers\Include\TGroupByParser.h">
      <Filter>Header Files</Filter>
    </ClInclude>
    <ClInclude Include="Parser\Parsers\Include\THavingParser.h">
      <Filter>Header Files</Filter>
    </ClInclude>
    <ClInclude Include="Parser\Parsers\Include\TInsertParser.h">
      <Filter>Header Files</Filter>
    </ClInclude>
    <ClInclude Include="Parser\Parsers\Include\TIntoParser.h">
      <Filter>Header Files</Filter>
    </ClInclude>
    <ClInclude Include="Parser\Parsers\Include\TLimitParser.h">
      <Filter>Header Files</Filter>
    </ClInclude>
    <ClInclude Include="Parser\Parsers\Include\TOptionsParser.h">
      <Filter>Header Files</Filter>
    </ClInclude>
    <ClInclude Include="Parser\Parsers\Include\TOrderByParser.h">
      <Filter>Header Files</Filter>
    </ClInclude>
    <ClInclude Include="Parser\Parsers\Include\TRenameParser.h">
      <Filter>Header Files</Filter>
    </ClInclude>
    <ClInclude Include="Parser\Parsers\Include\TReplaceParser.h">
      <Filter>Header Files</Filter>
    </ClInclude>
    <ClInclude Include="Parser\Parsers\Include\TSelectParser.h">
      <Filter>Header Files</Filter>
    </ClInclude>
    <ClInclude Include="Parser\Parsers\Include\TSetParser.h">
      <Filter>Header Files</Filter>
    </ClInclude>
    <ClInclude Include="Parser\Parsers\Include\TShowParser.h">
      <Filter>Header Files</Filter>
    </ClInclude>
    <ClInclude Include="Parser\Parsers\Include\TUpdateParser.h">
      <Filter>Header Files</Filter>
    </ClInclude>
    <ClInclude Include="Parser\Parsers\Include\TUsingParser.h">
      <Filter>Header Files</Filter>
    </ClInclude>
    <ClInclude Include="Parser\Parsers\Include\TValuesParser.h">
      <Filter>Header Files</Filter>
    </ClInclude>
    <ClInclude Include="Parser\Parsers\Include\TWhereParser.h">
      <Filter>Header Files</Filter>
    </ClInclude>
    <ClInclude Include="Parser\Parsers\Include\TWithParser.h">
      <Filter>Header Files</Filter>
    </ClInclude>
    <ClInclude Include="Parser\Common\Include\OffsetCalculator.h">
      <Filter>Header Files</Filter>
    </ClInclude>
    <ClInclude Include="Parser\Parsers\Include\WPartitionOptionsParser.h">
      <Filter>Header Files</Filter>
    </ClInclude>
    <ClInclude Include="Parser\Parsers\Include\WCreateDefinitionParser.h">
      <Filter>Header Files</Filter>
    </ClInclude>
    <ClInclude Include="Parser\Parsers\Include\WIndexColumnListParser.h">
      <Filter>Header Files</Filter>
    </ClInclude>
    <ClInclude Include="Parser\Parsers\Include\WSelectExpressionParser.h">
      <Filter>Header Files</Filter>
    </ClInclude>
    <ClInclude Include="Parser\Parsers\Include\WExpressionListParser.h">
      <Filter>Header Files</Filter>
    </ClInclude>
    <ClInclude Include="Parser\Common\Include\ExpressionToken.h">
      <Filter>Header Files</Filter>
    </ClInclude>
    <ClInclude Include="Parser\Parsers\Include\WColumnListParser.h">
      <Filter>Header Files</Filter>
    </ClInclude>
    <ClInclude Include="resource.h">
      <Filter>Header Files</Filter>
    </ClInclude>
    <ClInclude Include="Include\AssemblyInfo.h">
      <Filter>Header Files</Filter>
    </ClInclude>
  </ItemGroup>
  <ItemGroup>
    <ClCompile Include="dllmain.cpp">
      <Filter>Source Files</Filter>
    </ClCompile>
    <ClCompile Include="pch.cpp">
      <Filter>Source Files</Filter>
    </ClCompile>
    <ClCompile Include="CPenta\Diag.cpp">
      <Filter>Source Files</Filter>
    </ClCompile>
    <ClCompile Include="CPenta\Cell.cpp">
      <Filter>Source Files</Filter>
    </ClCompile>
    <ClCompile Include="CPenta\AbstractCell.cpp">
      <Filter>Source Files</Filter>
    </ClCompile>
    <ClCompile Include="CPenta\AbstractReplicant.cpp">
      <Filter>Source Files</Filter>
    </ClCompile>
    <ClCompile Include="CPenta\AbstruseReplicant.cpp">
      <Filter>Source Files</Filter>
    </ClCompile>
    <ClCompile Include="CPenta\AdvancedReplicant.cpp">
      <Filter>Source Files</Filter>
    </ClCompile>
    <ClCompile Include="CPenta\ReplicaEnumerator.cpp">
      <Filter>Source Files</Filter>
    </ClCompile>
    <ClCompile Include="CPenta\Replicant.cpp">
      <Filter>Source Files</Filter>
    </ClCompile>
    <ClCompile Include="CPenta\ReplicaKey.cpp">
      <Filter>Source Files</Filter>
    </ClCompile>
    <ClCompile Include="CPenta\CPentaCommon.cpp">
      <Filter>Source Files</Filter>
    </ClCompile>
    <ClCompile Include="CPenta\IReplicant.cpp">
      <Filter>Source Files</Filter>
    </ClCompile>
    <ClCompile Include="CPenta\CellSpecies.cpp">
      <Filter>Source Files</Filter>
    </ClCompile>
    <ClCompile Include="Parser\Parser.cpp">
      <Filter>Source Files</Filter>
    </ClCompile>
    <ClCompile Include="CPenta\StringCell.cpp">
      <Filter>Source Files</Filter>
    </ClCompile>
    <ClCompile Include="Parser\DslOptions.cpp">
      <Filter>Source Files</Filter>
    </ClCompile>
    <ClCompile Include="Parser\Common\AbstractParser.cpp">
      <Filter>Source Files</Filter>
    </ClCompile>
    <ClCompile Include="Parser\Common\IParser.cpp">
      <Filter>Source Files</Filter>
    </ClCompile>
    <ClCompile Include="Parser\Configuration\Gram.cpp">
      <Filter>Source Files</Filter>
    </ClCompile>
    <ClCompile Include="Parser\Configuration\GramConsts.cpp">
      <Filter>Source Files</Filter>
    </ClCompile>
    <ClCompile Include="Parser\Extensions\ExtensionMethods.cpp">
      <Filter>Source Files</Filter>
    </ClCompile>
    <ClCompile Include="Parser\Common\Scanner.cpp">
      <Filter>Source Files</Filter>
    </ClCompile>
    <ClCompile Include="Parser\Parsers\SqlParser.cpp">
      <Filter>Source Files</Filter>
    </ClCompile>
    <ClCompile Include="Parser\Parsers\UnionParser.cpp">
      <Filter>Source Files</Filter>
    </ClCompile>
    <ClCompile Include="Parser\Common\RegexLexer.cpp">
      <Filter>Source Files</Filter>
    </ClCompile>
    <ClCompile Include="Parser\Parsers\ParserManager.cpp">
      <Filter>Source Files</Filter>
    </ClCompile>
    <ClCompile Include="Parser\Parsers\TBracketParser.cpp">
      <Filter>Source Files</Filter>
    </ClCompile>
    <ClCompile Include="Parser\Parsers\TCreateParser.cpp">
      <Filter>Source Files</Filter>
    </ClCompile>
    <ClCompile Include="Parser\Parsers\TTableParser.cpp">
      <Filter>Source Files</Filter>
    </ClCompile>
    <ClCompile Include="Parser\Parsers\TIndexParser.cpp">
      <Filter>Source Files</Filter>
    </ClCompile>
    <ClCompile Include="Parser\Parsers\TDeleteParser.cpp">
      <Filter>Source Files</Filter>
    </ClCompile>
    <ClCompile Include="Parser\Parsers\TDescParser.cpp">
      <Filter>Source Files</Filter>
    </ClCompile>
    <ClCompile Include="Parser\Parsers\TDescribeParser.cpp">
      <Filter>Source Files</Filter>
    </ClCompile>
    <ClCompile Include="Parser\Parsers\TDropParser.cpp">
      <Filter>Source Files</Filter>
    </ClCompile>
    <ClCompile Include="Parser\Parsers\TDuplicateParser.cpp">
      <Filter>Source Files</Filter>
    </ClCompile>
    <ClCompile Include="Parser\Parsers\TExplainParser.cpp">
      <Filter>Source Files</Filter>
    </ClCompile>
    <ClCompile Include="Parser\Parsers\TFromParser.cpp">
      <Filter>Source Files</Filter>
    </ClCompile>
    <ClCompile Include="Parser\Parsers\TGroupByParser.cpp">
      <Filter>Source Files</Filter>
    </ClCompile>
    <ClCompile Include="Parser\Parsers\THavingParser.cpp">
      <Filter>Source Files</Filter>
    </ClCompile>
    <ClCompile Include="Parser\Parsers\TInsertParser.cpp">
      <Filter>Source Files</Filter>
    </ClCompile>
    <ClCompile Include="Parser\Parsers\TIntoParser.cpp">
      <Filter>Source Files</Filter>
    </ClCompile>
    <ClCompile Include="Parser\Parsers\TLimitParser.cpp">
      <Filter>Source Files</Filter>
    </ClCompile>
    <ClCompile Include="Parser\Parsers\TOptionsParser.cpp">
      <Filter>Source Files</Filter>
    </ClCompile>
    <ClCompile Include="Parser\Parsers\TOrderByParser.cpp">
      <Filter>Source Files</Filter>
    </ClCompile>
    <ClCompile Include="Parser\Parsers\TRenameParser.cpp">
      <Filter>Source Files</Filter>
    </ClCompile>
    <ClCompile Include="Parser\Parsers\TReplaceParser.cpp">
      <Filter>Source Files</Filter>
    </ClCompile>
    <ClCompile Include="Parser\Parsers\TSelectParser.cpp">
      <Filter>Source Files</Filter>
    </ClCompile>
    <ClCompile Include="Parser\Parsers\TSetParser.cpp">
      <Filter>Source Files</Filter>
    </ClCompile>
    <ClCompile Include="Parser\Parsers\TShowParser.cpp">
      <Filter>Source Files</Filter>
    </ClCompile>
    <ClCompile Include="Parser\Parsers\TUpdateParser.cpp">
      <Filter>Source Files</Filter>
    </ClCompile>
    <ClCompile Include="Parser\Parsers\TUsingParser.cpp">
      <Filter>Source Files</Filter>
    </ClCompile>
    <ClCompile Include="Parser\Parsers\TValuesParser.cpp">
      <Filter>Source Files</Filter>
    </ClCompile>
    <ClCompile Include="Parser\Parsers\TWhereParser.cpp">
      <Filter>Source Files</Filter>
    </ClCompile>
    <ClCompile Include="Parser\Parsers\TWithParser.cpp">
      <Filter>Source Files</Filter>
    </ClCompile>
    <ClCompile Include="Parser\Common\OffsetCalculator.cpp">
      <Filter>Source Files</Filter>
    </ClCompile>
    <ClCompile Include="Parser\Parsers\WPartitionOptionsParser.cpp">
      <Filter>Source Files</Filter>
    </ClCompile>
    <ClCompile Include="Parser\Parsers\WCreateDefinitionParser.cpp">
      <Filter>Source Files</Filter>
    </ClCompile>
    <ClCompile Include="Parser\Parsers\WIndexColumnListParser.cpp">
      <Filter>Source Files</Filter>
    </ClCompile>
    <ClCompile Include="Parser\Parsers\WSelectExpressionParser.cpp">
      <Filter>Source Files</Filter>
    </ClCompile>
    <ClCompile Include="Parser\Parsers\WExpressionListParser.cpp">
      <Filter>Source Files</Filter>
    </ClCompile>
    <ClCompile Include="Parser\Common\ExpressionToken.cpp">
      <Filter>Source Files</Filter>
    </ClCompile>
    <ClCompile Include="Parser\Parsers\WColumnListParser.cpp">
      <Filter>Source Files</Filter>
    </ClCompile>
    <ClCompile Include="AssemblyInfo.cpp">
      <Filter>Source Files</Filter>
    </ClCompile>
  </ItemGroup>
  <ItemGroup>
    <None Include="BlackbirdDsl.snk" />
    <None Include="BlackbirdDsl.rc2">
      <Filter>Resource Files</Filter>
    </None>
  </ItemGroup>
  <ItemGroup>
    <ResourceCompile Include="BlackbirdDsl.rc">
      <Filter>Resource Files</Filter>
    </ResourceCompile>
  </ItemGroup>
</Project>