<?xml version="1.0" encoding="utf-8"?>
<Project ToolsVersion="4.0" xmlns="http://schemas.microsoft.com/developer/msbuild/2003">
  <ItemGroup>
    <Filter Include="Source Files">
      <UniqueIdentifier>{4FC737F1-C7A5-4376-A066-2A32D752A2FF}</UniqueIdentifier>
      <Extensions>cpp;c;cc;cxx;c++;cppm;ixx;def;odl;idl;hpj;bat;asm;asmx</Extensions>
    </Filter>
    <Filter Include="Header Files">
      <UniqueIdentifier>{93995380-89BD-4b04-88EB-625FBE52EBFB}</UniqueIdentifier>
      <Extensions>h;hh;hpp;hxx;h++;hm;inl;inc;ipp;xsd</Extensions>
    </Filter>
    <Filter Include="Resource Files">
      <UniqueIdentifier>{67DA6AB6-F800-4c08-8B7A-83BB121AAD01}</UniqueIdentifier>
      <Extensions>rc;ico;cur;bmp;dlg;rc2;rct;bin;rgs;gif;jpg;jpeg;jpe;resx;tiff;tif;png;wav;mfcribbon-ms</Extensions>
    </Filter>
  </ItemGroup>
  <ItemGroup>
    <ClInclude Include="Include\framework.h">
      <Filter>Header Files</Filter>
    </ClInclude>
    <ClInclude Include="CPenta\Include\AbstractReplicant.h">
      <Filter>Header Files</Filter>
    </ClInclude>
    <ClInclude Include="CPenta\Include\AdvancedReplicant.h">
      <Filter>Header Files</Filter>
    </ClInclude>
    <ClInclude Include="CPenta\Include\AbstractCell.h">
      <Filter>Header Files</Filter>
    </ClInclude>
    <ClInclude Include="CPenta\Include\ReplicaEnumerator.h">
      <Filter>Header Files</Filter>
    </ClInclude>
    <ClInclude Include="CPenta\Include\AbstruseReplicant.h">
      <Filter>Header Files</Filter>
    </ClInclude>
    <ClInclude Include="CPenta\Include\Diag.h">
      <Filter>Header Files</Filter>
    </ClInclude>
    <ClInclude Include="CPenta\Include\Replicant.h">
      <Filter>Header Files</Filter>
    </ClInclude>
    <ClInclude Include="CPenta\Include\Cell.h">
      <Filter>Header Files</Filter>
    </ClInclude>
    <ClInclude Include="CPenta\Include\CPentaCommon.h">
      <Filter>Header Files</Filter>
    </ClInclude>
    <ClInclude Include="CPenta\Include\IReplicant.h">
      <Filter>Header Files</Filter>
    </ClInclude>
    <ClInclude Include="CPenta\Include\ReplicaKey.h">
      <Filter>Header Files</Filter>
    </ClInclude>
    <ClInclude Include="CPenta\Include\CellSpecies.h">
      <Filter>Header Files</Filter>
    </ClInclude>
    <ClInclude Include="Parser\Include\Parser.h">
      <Filter>Header Files</Filter>
    </ClInclude>
    <ClInclude Include="BlackbirdParser.h">
      <Filter>Header Files</Filter>
    </ClInclude>
    <ClInclude Include="C5Common.h">
      <Filter>Header Files</Filter>
    </ClInclude>
    <ClInclude Include="CPenta\Include\StringCell.h">
      <Filter>Header Files</Filter>
    </ClInclude>
    <ClInclude Include="Parser\Include\EnParserOptions.h">
      <Filter>Header Files</Filter>
    </ClInclude>
    <ClInclude Include="Include\pch.h">
      <Filter>Header Files</Filter>
    </ClInclude>
    <ClInclude Include="Parser\Common\Include\AbstractParser.h">
      <Filter>Header Files</Filter>
    </ClInclude>
    <ClInclude Include="Parser\Common\Include\IParser.h">
      <Filter>Header Files</Filter>
    </ClInclude>
    <ClInclude Include="Parser\Configuration\Include\Gram.h">
      <Filter>Header Files</Filter>
    </ClInclude>
    <ClInclude Include="Parser\Configuration\Include\GramConsts.h">
      <Filter>Header Files</Filter>
    </ClInclude>
    <ClInclude Include="Parser\Extensions\Include\ExtensionMembers.h">
      <Filter>Header Files</Filter>
    </ClInclude>
    <ClInclude Include="Parser\Common\Include\Scanner.h">
      <Filter>Header Files</Filter>
    </ClInclude>
    <ClInclude Include="Parser\Parsers\Include\SqlParser.h">
      <Filter>Header Files</Filter>
    </ClInclude>
    <ClInclude Include="Parser\Parsers\Include\UnionParser.h">
      <Filter>Header Files</Filter>
    </ClInclude>
    <ClInclude Include="Parser\Common\Include\RegexLexer.h">
      <Filter>Header Files</Filter>
    </ClInclude>
    <ClInclude Include="Parser\Parsers\Include\ParserManager.h">
      <Filter>Header Files</Filter>
    </ClInclude>
    <ClInclude Include="Parser\Parsers\Include\BracketParser.h">
      <Filter>Header Files</Filter>
    </ClInclude>
    <ClInclude Include="Parser\Parsers\Include\CreateParser.h">
      <Filter>Header Files</Filter>
    </ClInclude>
    <ClInclude Include="Parser\Parsers\Include\TableParser.h">
      <Filter>Header Files</Filter>
    </ClInclude>
    <ClInclude Include="Parser\Parsers\Include\IndexParser.h">
      <Filter>Header Files</Filter>
    </ClInclude>
    <ClInclude Include="Parser\Parsers\Include\DeleteParser.h">
      <Filter>Header Files</Filter>
    </ClInclude>
    <ClInclude Include="Parser\Parsers\Include\DescParser.h">
      <Filter>Header Files</Filter>
    </ClInclude>
    <ClInclude Include="Parser\Parsers\Include\DescribeParser.h">
      <Filter>Header Files</Filter>
    </ClInclude>
    <ClInclude Include="Parser\Parsers\Include\DropParser.h">
      <Filter>Header Files</Filter>
    </ClInclude>
    <ClInclude Include="Parser\Parsers\Include\DuplicateParser.h">
      <Filter>Header Files</Filter>
    </ClInclude>
    <ClInclude Include="Parser\Parsers\Include\ExplainParser.h">
      <Filter>Header Files</Filter>
    </ClInclude>
    <ClInclude Include="Parser\Parsers\Include\FromParser.h">
      <Filter>Header Files</Filter>
    </ClInclude>
    <ClInclude Include="Parser\Parsers\Include\GroupByParser.h">
      <Filter>Header Files</Filter>
    </ClInclude>
    <ClInclude Include="Parser\Parsers\Include\HavingParser.h">
      <Filter>Header Files</Filter>
    </ClInclude>
    <ClInclude Include="Parser\Parsers\Include\InsertParser.h">
      <Filter>Header Files</Filter>
    </ClInclude>
    <ClInclude Include="Parser\Parsers\Include\IntoParser.h">
      <Filter>Header Files</Filter>
    </ClInclude>
    <ClInclude Include="Parser\Parsers\Include\LimitParser.h">
      <Filter>Header Files</Filter>
    </ClInclude>
    <ClInclude Include="Parser\Parsers\Include\OptionsParser.h">
      <Filter>Header Files</Filter>
    </ClInclude>
    <ClInclude Include="Parser\Parsers\Include\OrderByParser.h">
      <Filter>Header Files</Filter>
    </ClInclude>
    <ClInclude Include="Parser\Parsers\Include\RenameParser.h">
      <Filter>Header Files</Filter>
    </ClInclude>
    <ClInclude Include="Parser\Parsers\Include\ReplaceParser.h">
      <Filter>Header Files</Filter>
    </ClInclude>
    <ClInclude Include="Parser\Parsers\Include\SelectParser.h">
      <Filter>Header Files</Filter>
    </ClInclude>
    <ClInclude Include="Parser\Parsers\Include\SetParser.h">
      <Filter>Header Files</Filter>
    </ClInclude>
    <ClInclude Include="Parser\Parsers\Include\ShowParser.h">
      <Filter>Header Files</Filter>
    </ClInclude>
    <ClInclude Include="Parser\Parsers\Include\UpdateParser.h">
      <Filter>Header Files</Filter>
    </ClInclude>
    <ClInclude Include="Parser\Parsers\Include\UsingParser.h">
      <Filter>Header Files</Filter>
    </ClInclude>
    <ClInclude Include="Parser\Parsers\Include\ValuesParser.h">
      <Filter>Header Files</Filter>
    </ClInclude>
    <ClInclude Include="Parser\Parsers\Include\WhereParser.h">
      <Filter>Header Files</Filter>
    </ClInclude>
    <ClInclude Include="Parser\Parsers\Include\WithParser.h">
      <Filter>Header Files</Filter>
    </ClInclude>
    <ClInclude Include="Parser\Common\Include\OffsetCalculator.h">
      <Filter>Header Files</Filter>
    </ClInclude>
    <ClInclude Include="Parser\Parsers\Include\PartitionOptionsParser.h">
      <Filter>Header Files</Filter>
    </ClInclude>
    <ClInclude Include="Parser\Parsers\Include\CreateDefinitionParser.h">
      <Filter>Header Files</Filter>
    </ClInclude>
    <ClInclude Include="Parser\Parsers\Include\IndexColumnListParser.h">
      <Filter>Header Files</Filter>
    </ClInclude>
    <ClInclude Include="Parser\Parsers\Include\SelectExpressionParser.h">
      <Filter>Header Files</Filter>
    </ClInclude>
    <ClInclude Include="Parser\Parsers\Include\ExpressionListParser.h">
      <Filter>Header Files</Filter>
    </ClInclude>
    <ClInclude Include="Parser\Common\Include\ExpressionToken.h">
      <Filter>Header Files</Filter>
    </ClInclude>
    <ClInclude Include="Parser\Parsers\Include\ColumnListParser.h">
      <Filter>Header Files</Filter>
    </ClInclude>
    <ClInclude Include="resource.h">
      <Filter>Header Files</Filter>
    </ClInclude>
    <ClInclude Include="Include\AssemblyInfo.h">
      <Filter>Header Files</Filter>
    </ClInclude>
  </ItemGroup>
  <ItemGroup>
    <ClCompile Include="dllmain.cpp">
      <Filter>Source Files</Filter>
    </ClCompile>
    <ClCompile Include="pch.cpp">
      <Filter>Source Files</Filter>
    </ClCompile>
    <ClCompile Include="CPenta\Diag.cpp">
      <Filter>Source Files</Filter>
    </ClCompile>
    <ClCompile Include="CPenta\Cell.cpp">
      <Filter>Source Files</Filter>
    </ClCompile>
    <ClCompile Include="CPenta\AbstractCell.cpp">
      <Filter>Source Files</Filter>
    </ClCompile>
    <ClCompile Include="CPenta\AbstractReplicant.cpp">
      <Filter>Source Files</Filter>
    </ClCompile>
    <ClCompile Include="CPenta\AbstruseReplicant.cpp">
      <Filter>Source Files</Filter>
    </ClCompile>
    <ClCompile Include="CPenta\AdvancedReplicant.cpp">
      <Filter>Source Files</Filter>
    </ClCompile>
    <ClCompile Include="CPenta\ReplicaEnumerator.cpp">
      <Filter>Source Files</Filter>
    </ClCompile>
    <ClCompile Include="CPenta\Replicant.cpp">
      <Filter>Source Files</Filter>
    </ClCompile>
    <ClCompile Include="CPenta\ReplicaKey.cpp">
      <Filter>Source Files</Filter>
    </ClCompile>
    <ClCompile Include="CPenta\CPentaCommon.cpp">
      <Filter>Source Files</Filter>
    </ClCompile>
    <ClCompile Include="CPenta\IReplicant.cpp">
      <Filter>Source Files</Filter>
    </ClCompile>
    <ClCompile Include="CPenta\CellSpecies.cpp">
      <Filter>Source Files</Filter>
    </ClCompile>
    <ClCompile Include="Parser\Parser.cpp">
      <Filter>Source Files</Filter>
    </ClCompile>
    <ClCompile Include="CPenta\StringCell.cpp">
      <Filter>Source Files</Filter>
    </ClCompile>
    <ClCompile Include="Parser\EnParserOptions.cpp">
      <Filter>Source Files</Filter>
    </ClCompile>
    <ClCompile Include="Parser\Common\AbstractParser.cpp">
      <Filter>Source Files</Filter>
    </ClCompile>
    <ClCompile Include="Parser\Common\IParser.cpp">
      <Filter>Source Files</Filter>
    </ClCompile>
    <ClCompile Include="Parser\Configuration\Gram.cpp">
      <Filter>Source Files</Filter>
    </ClCompile>
    <ClCompile Include="Parser\Configuration\GramConsts.cpp">
      <Filter>Source Files</Filter>
    </ClCompile>
    <ClCompile Include="Parser\Extensions\ExtensionMembers.cpp">
      <Filter>Source Files</Filter>
    </ClCompile>
    <ClCompile Include="Parser\Common\Scanner.cpp">
      <Filter>Source Files</Filter>
    </ClCompile>
    <ClCompile Include="Parser\Parsers\SqlParser.cpp">
      <Filter>Source Files</Filter>
    </ClCompile>
    <ClCompile Include="Parser\Parsers\UnionParser.cpp">
      <Filter>Source Files</Filter>
    </ClCompile>
    <ClCompile Include="Parser\Common\RegexLexer.cpp">
      <Filter>Source Files</Filter>
    </ClCompile>
    <ClCompile Include="Parser\Parsers\ParserManager.cpp">
      <Filter>Source Files</Filter>
    </ClCompile>
    <ClCompile Include="Parser\Parsers\BracketParser.cpp">
      <Filter>Source Files</Filter>
    </ClCompile>
    <ClCompile Include="Parser\Parsers\CreateParser.cpp">
      <Filter>Source Files</Filter>
    </ClCompile>
    <ClCompile Include="Parser\Parsers\TableParser.cpp">
      <Filter>Source Files</Filter>
    </ClCompile>
    <ClCompile Include="Parser\Parsers\IndexParser.cpp">
      <Filter>Source Files</Filter>
    </ClCompile>
    <ClCompile Include="Parser\Parsers\DeleteParser.cpp">
      <Filter>Source Files</Filter>
    </ClCompile>
    <ClCompile Include="Parser\Parsers\DescParser.cpp">
      <Filter>Source Files</Filter>
    </ClCompile>
    <ClCompile Include="Parser\Parsers\DescribeParser.cpp">
      <Filter>Source Files</Filter>
    </ClCompile>
    <ClCompile Include="Parser\Parsers\DropParser.cpp">
      <Filter>Source Files</Filter>
    </ClCompile>
    <ClCompile Include="Parser\Parsers\DuplicateParser.cpp">
      <Filter>Source Files</Filter>
    </ClCompile>
    <ClCompile Include="Parser\Parsers\ExplainParser.cpp">
      <Filter>Source Files</Filter>
    </ClCompile>
    <ClCompile Include="Parser\Parsers\FromParser.cpp">
      <Filter>Source Files</Filter>
    </ClCompile>
    <ClCompile Include="Parser\Parsers\GroupByParser.cpp">
      <Filter>Source Files</Filter>
    </ClCompile>
    <ClCompile Include="Parser\Parsers\HavingParser.cpp">
      <Filter>Source Files</Filter>
    </ClCompile>
    <ClCompile Include="Parser\Parsers\InsertParser.cpp">
      <Filter>Source Files</Filter>
    </ClCompile>
    <ClCompile Include="Parser\Parsers\IntoParser.cpp">
      <Filter>Source Files</Filter>
    </ClCompile>
    <ClCompile Include="Parser\Parsers\LimitParser.cpp">
      <Filter>Source Files</Filter>
    </ClCompile>
    <ClCompile Include="Parser\Parsers\OptionsParser.cpp">
      <Filter>Source Files</Filter>
    </ClCompile>
    <ClCompile Include="Parser\Parsers\OrderByParser.cpp">
      <Filter>Source Files</Filter>
    </ClCompile>
    <ClCompile Include="Parser\Parsers\RenameParser.cpp">
      <Filter>Source Files</Filter>
    </ClCompile>
    <ClCompile Include="Parser\Parsers\ReplaceParser.cpp">
      <Filter>Source Files</Filter>
    </ClCompile>
    <ClCompile Include="Parser\Parsers\SelectParser.cpp">
      <Filter>Source Files</Filter>
    </ClCompile>
    <ClCompile Include="Parser\Parsers\SetParser.cpp">
      <Filter>Source Files</Filter>
    </ClCompile>
    <ClCompile Include="Parser\Parsers\ShowParser.cpp">
      <Filter>Source Files</Filter>
    </ClCompile>
    <ClCompile Include="Parser\Parsers\UpdateParser.cpp">
      <Filter>Source Files</Filter>
    </ClCompile>
    <ClCompile Include="Parser\Parsers\UsingParser.cpp">
      <Filter>Source Files</Filter>
    </ClCompile>
    <ClCompile Include="Parser\Parsers\ValuesParser.cpp">
      <Filter>Source Files</Filter>
    </ClCompile>
    <ClCompile Include="Parser\Parsers\WhereParser.cpp">
      <Filter>Source Files</Filter>
    </ClCompile>
    <ClCompile Include="Parser\Parsers\WithParser.cpp">
      <Filter>Source Files</Filter>
    </ClCompile>
    <ClCompile Include="Parser\Common\OffsetCalculator.cpp">
      <Filter>Source Files</Filter>
    </ClCompile>
    <ClCompile Include="Parser\Parsers\PartitionOptionsParser.cpp">
      <Filter>Source Files</Filter>
    </ClCompile>
    <ClCompile Include="Parser\Parsers\CreateDefinitionParser.cpp">
      <Filter>Source Files</Filter>
    </ClCompile>
    <ClCompile Include="Parser\Parsers\IndexColumnListParser.cpp">
      <Filter>Source Files</Filter>
    </ClCompile>
    <ClCompile Include="Parser\Parsers\SelectExpressionParser.cpp">
      <Filter>Source Files</Filter>
    </ClCompile>
    <ClCompile Include="Parser\Parsers\ExpressionListParser.cpp">
      <Filter>Source Files</Filter>
    </ClCompile>
    <ClCompile Include="Parser\Common\ExpressionToken.cpp">
      <Filter>Source Files</Filter>
    </ClCompile>
    <ClCompile Include="Parser\Parsers\ColumnListParser.cpp">
      <Filter>Source Files</Filter>
    </ClCompile>
    <ClCompile Include="AssemblyInfo.cpp">
      <Filter>Source Files</Filter>
    </ClCompile>
  </ItemGroup>
  <ItemGroup>
    <None Include="BlackbirdDsl.snk" />
    <None Include="BlackbirdDsl.rc2">
      <Filter>Resource Files</Filter>
    </None>
  </ItemGroup>
  <ItemGroup>
    <ResourceCompile Include="BlackbirdDsl.rc">
      <Filter>Resource Files</Filter>
    </ResourceCompile>
  </ItemGroup>
</Project>